
Microsoft Visual Studio Solution File, Format Version 12.00
# Visual Studio Version 16
VisualStudioVersion = 16.0.34407.143
MinimumVisualStudioVersion = 10.0.40219.1
Project("{FAE04EC0-301F-11D3-BF4B-00C04F79EFBC}") = "StringFunctions.Program", "StringFunctions.Program\StringFunctions.Program.csproj", "{4F997199-11E4-4083-920A-E38BF9882495}"
EndProject
Global
	GlobalSection(SolutionConfigurationPlatforms) = preSolution
		Debug|Any CPU = Debug|Any CPU
		Release|Any CPU = Release|Any CPU
	EndGlobalSection
	GlobalSection(ProjectConfigurationPlatforms) = postSolution
		{4F997199-11E4-4083-920A-E38BF9882495}.Debug|Any CPU.ActiveCfg = Debug|Any CPU
		{4F997199-11E4-4083-920A-E38BF9882495}.Debug|Any CPU.Build.0 = Debug|Any CPU
		{4F997199-11E4-4083-920A-E38BF9882495}.Release|Any CPU.ActiveCfg = Release|Any CPU
		{4F997199-11E4-4083-920A-E38BF9882495}.Release|Any CPU.Build.0 = Release|Any CPU
	EndGlobalSection
	GlobalSection(SolutionProperties) = preSolution
		HideSolutionNode = FALSE
	EndGlobalSection
	GlobalSection(ExtensibilityGlobals) = postSolution
		SolutionGuid = {EB6CA277-1E34-496B-B17C-DDFE3482F687}
	EndGlobalSection
EndGlobal
