
Microsoft Visual Studio Solution File, Format Version 12.00
# Visual Studio Version 16
VisualStudioVersion = 16.0.34407.143
MinimumVisualStudioVersion = 10.0.40219.1
Project("{FAE04EC0-301F-11D3-BF4B-00C04F79EFBC}") = "MathandComparisonOperations", "MathandComparisonOperations\MathandComparisonOperations.csproj", "{DF1FA290-06B2-4BE2-95F4-119C1347D138}"
EndProject
Global
	GlobalSection(SolutionConfigurationPlatforms) = preSolution
		Debug|Any CPU = Debug|Any CPU
		Release|Any CPU = Release|Any CPU
	EndGlobalSection
	GlobalSection(ProjectConfigurationPlatforms) = postSolution
		{DF1FA290-06B2-4BE2-95F4-119C1347D138}.Debug|Any CPU.ActiveCfg = Debug|Any CPU
		{DF1FA290-06B2-4BE2-95F4-119C1347D138}.Debug|Any CPU.Build.0 = Debug|Any CPU
		{DF1FA290-06B2-4BE2-95F4-119C1347D138}.Release|Any CPU.ActiveCfg = Release|Any CPU
		{DF1FA290-06B2-4BE2-95F4-119C1347D138}.Release|Any CPU.Build.0 = Release|Any CPU
	EndGlobalSection
	GlobalSection(SolutionProperties) = preSolution
		HideSolutionNode = FALSE
	EndGlobalSection
	GlobalSection(ExtensibilityGlobals) = postSolution
		SolutionGuid = {9DC5FB6C-6136-4FD7-A0C7-4DC7586AC135}
	EndGlobalSection
EndGlobal
