
Microsoft Visual Studio Solution File, Format Version 12.00
# Visual Studio Version 16
VisualStudioVersion = 16.0.34407.143
MinimumVisualStudioVersion = 10.0.40219.1
Project("{FAE04EC0-301F-11D3-BF4B-00C04F79EFBC}") = "Scores", "Scores\Scores.csproj", "{B640AB31-9343-49B8-8D35-0BB70BDB165F}"
EndProject
Global
	GlobalSection(SolutionConfigurationPlatforms) = preSolution
		Debug|Any CPU = Debug|Any CPU
		Release|Any CPU = Release|Any CPU
	EndGlobalSection
	GlobalSection(ProjectConfigurationPlatforms) = postSolution
		{B640AB31-9343-49B8-8D35-0BB70BDB165F}.Debug|Any CPU.ActiveCfg = Debug|Any CPU
		{B640AB31-9343-49B8-8D35-0BB70BDB165F}.Debug|Any CPU.Build.0 = Debug|Any CPU
		{B640AB31-9343-49B8-8D35-0BB70BDB165F}.Release|Any CPU.ActiveCfg = Release|Any CPU
		{B640AB31-9343-49B8-8D35-0BB70BDB165F}.Release|Any CPU.Build.0 = Release|Any CPU
	EndGlobalSection
	GlobalSection(SolutionProperties) = preSolution
		HideSolutionNode = FALSE
	EndGlobalSection
	GlobalSection(ExtensibilityGlobals) = postSolution
		SolutionGuid = {F8534AAE-279F-4AC7-BDFE-46621A0CEE85}
	EndGlobalSection
EndGlobal
