
Microsoft Visual Studio Solution File, Format Version 12.00
# Visual Studio Version 16
VisualStudioVersion = 16.0.34407.143
MinimumVisualStudioVersion = 10.0.40219.1
Project("{FAE04EC0-301F-11D3-BF4B-00C04F79EFBC}") = "ExceptionHandling", "ExceptionHandling\ExceptionHandling.csproj", "{D748FEF3-6A3A-4D98-94CA-27765255E5DA}"
EndProject
Global
	GlobalSection(SolutionConfigurationPlatforms) = preSolution
		Debug|Any CPU = Debug|Any CPU
		Release|Any CPU = Release|Any CPU
	EndGlobalSection
	GlobalSection(ProjectConfigurationPlatforms) = postSolution
		{D748FEF3-6A3A-4D98-94CA-27765255E5DA}.Debug|Any CPU.ActiveCfg = Debug|Any CPU
		{D748FEF3-6A3A-4D98-94CA-27765255E5DA}.Debug|Any CPU.Build.0 = Debug|Any CPU
		{D748FEF3-6A3A-4D98-94CA-27765255E5DA}.Release|Any CPU.ActiveCfg = Release|Any CPU
		{D748FEF3-6A3A-4D98-94CA-27765255E5DA}.Release|Any CPU.Build.0 = Release|Any CPU
	EndGlobalSection
	GlobalSection(SolutionProperties) = preSolution
		HideSolutionNode = FALSE
	EndGlobalSection
	GlobalSection(ExtensibilityGlobals) = postSolution
		SolutionGuid = {1F181179-7F4D-4F0D-AEDA-2F936E708D53}
	EndGlobalSection
EndGlobal
